// !$*UTF8*$!
{
	archiveVersion = 1;
	classes = {
	};
	objectVersion = 77;
	objects = {

/* Begin PBXContainerItemProxy section */
		7301D7D32DB6D9A6007EDDD9 /* PBXContainerItemProxy */ = {
			isa = PBXContainerItemProxy;
			containerPortal = 7301D7B12DB6D9A3007EDDD9 /* Project object */;
			proxyType = 1;
			remoteGlobalIDString = 7301D7B82DB6D9A3007EDDD9;
			remoteInfo = "swipe-jump";
		};
		7301D7DD2DB6D9A6007EDDD9 /* PBXContainerItemProxy */ = {
			isa = PBXContainerItemProxy;
			containerPortal = 7301D7B12DB6D9A3007EDDD9 /* Project object */;
			proxyType = 1;
			remoteGlobalIDString = 7301D7B82DB6D9A3007EDDD9;
			remoteInfo = "swipe-jump";
		};
/* End PBXContainerItemProxy section */

/* Begin PBXFileReference section */
		7301D7B92DB6D9A3007EDDD9 /* swipe-jump.app */ = {isa = PBXFileReference; explicitFileType = wrapper.application; includeInIndex = 0; path = "swipe-jump.app"; sourceTree = BUILT_PRODUCTS_DIR; };
		7301D7D22DB6D9A6007EDDD9 /* swipe-jumpTests.xctest */ = {isa = PBXFileReference; explicitFileType = wrapper.cfbundle; includeInIndex = 0; path = "swipe-jumpTests.xctest"; sourceTree = BUILT_PRODUCTS_DIR; };
		7301D7DC2DB6D9A6007EDDD9 /* swipe-jumpUITests.xctest */ = {isa = PBXFileReference; explicitFileType = wrapper.cfbundle; includeInIndex = 0; path = "swipe-jumpUITests.xctest"; sourceTree = BUILT_PRODUCTS_DIR; };
/* End PBXFileReference section */

/* Begin PBXFileSystemSynchronizedRootGroup section */
		7301D7BB2DB6D9A3007EDDD9 /* swipe-jump */ = {
			isa = PBXFileSystemSynchronizedRootGroup;
			path = "swipe-jump";
			sourceTree = "<group>";
		};
		7301D7D52DB6D9A6007EDDD9 /* swipe-jumpTests */ = {
			isa = PBXFileSystemSynchronizedRootGroup;
			path = "swipe-jumpTests";
			sourceTree = "<group>";
		};
		7301D7DF2DB6D9A6007EDDD9 /* swipe-jumpUITests */ = {
			isa = PBXFileSystemSynchronizedRootGroup;
			path = "swipe-jumpUITests";
			sourceTree = "<group>";
		};
/* End PBXFileSystemSynchronizedRootGroup section */

/* Begin PBXFrameworksBuildPhase section */
		7301D7B62DB6D9A3007EDDD9 /* Frameworks */ = {
			isa = PBXFrameworksBuildPhase;
			buildActionMask = 2147483647;
			files = (
			);
			runOnlyForDeploymentPostprocessing = 0;
		};
		7301D7CF2DB6D9A6007EDDD9 /* Frameworks */ = {
			isa = PBXFrameworksBuildPhase;
			buildActionMask = 2147483647;
			files = (
			);
			runOnlyForDeploymentPostprocessing = 0;
		};
		7301D7D92DB6D9A6007EDDD9 /* Frameworks */ = {
			isa = PBXFrameworksBuildPhase;
			buildActionMask = 2147483647;
			files = (
			);
			runOnlyForDeploymentPostprocessing = 0;
		};
/* End PBXFrameworksBuildPhase section */

/* Begin PBXGroup section */
		7301D7B02DB6D9A3007EDDD9 = {
			isa = PBXGroup;
			children = (
				7301D7BB2DB6D9A3007EDDD9 /* swipe-jump */,
				7301D7D52DB6D9A6007EDDD9 /* swipe-jumpTests */,
				7301D7DF2DB6D9A6007EDDD9 /* swipe-jumpUITests */,
				7301D7BA2DB6D9A3007EDDD9 /* Products */,
			);
			sourceTree = "<group>";
		};
		7301D7BA2DB6D9A3007EDDD9 /* Products */ = {
			isa = PBXGroup;
			children = (
				7301D7B92DB6D9A3007EDDD9 /* swipe-jump.app */,
				7301D7D22DB6D9A6007EDDD9 /* swipe-jumpTests.xctest */,
				7301D7DC2DB6D9A6007EDDD9 /* swipe-jumpUITests.xctest */,
			);
			name = Products;
			sourceTree = "<group>";
		};
/* End PBXGroup section */

/* Begin PBXNativeTarget section */
		7301D7B82DB6D9A3007EDDD9 /* swipe-jump */ = {
			isa = PBXNativeTarget;
			buildConfigurationList = 7301D7E62DB6D9A6007EDDD9 /* Build configuration list for PBXNativeTarget "swipe-jump" */;
			buildPhases = (
				7301D7B52DB6D9A3007EDDD9 /* Sources */,
				7301D7B62DB6D9A3007EDDD9 /* Frameworks */,
				7301D7B72DB6D9A3007EDDD9 /* Resources */,
			);
			buildRules = (
			);
			dependencies = (
			);
			fileSystemSynchronizedGroups = (
				7301D7BB2DB6D9A3007EDDD9 /* swipe-jump */,
			);
			name = "swipe-jump";
			packageProductDependencies = (
			);
			productName = "swipe-jump";
			productReference = 7301D7B92DB6D9A3007EDDD9 /* swipe-jump.app */;
			productType = "com.apple.product-type.application";
		};
		7301D7D12DB6D9A6007EDDD9 /* swipe-jumpTests */ = {
			isa = PBXNativeTarget;
			buildConfigurationList = 7301D7E92DB6D9A6007EDDD9 /* Build configuration list for PBXNativeTarget "swipe-jumpTests" */;
			buildPhases = (
				7301D7CE2DB6D9A6007EDDD9 /* Sources */,
				7301D7CF2DB6D9A6007EDDD9 /* Frameworks */,
				7301D7D02DB6D9A6007EDDD9 /* Resources */,
			);
			buildRules = (
			);
			dependencies = (
				7301D7D42DB6D9A6007EDDD9 /* PBXTargetDependency */,
			);
			fileSystemSynchronizedGroups = (
				7301D7D52DB6D9A6007EDDD9 /* swipe-jumpTests */,
			);
			name = "swipe-jumpTests";
			packageProductDependencies = (
			);
			productName = "swipe-jumpTests";
			productReference = 7301D7D22DB6D9A6007EDDD9 /* swipe-jumpTests.xctest */;
			productType = "com.apple.product-type.bundle.unit-test";
		};
		7301D7DB2DB6D9A6007EDDD9 /* swipe-jumpUITests */ = {
			isa = PBXNativeTarget;
			buildConfigurationList = 7301D7EC2DB6D9A6007EDDD9 /* Build configuration list for PBXNativeTarget "swipe-jumpUITests" */;
			buildPhases = (
				7301D7D82DB6D9A6007EDDD9 /* Sources */,
				7301D7D92DB6D9A6007EDDD9 /* Frameworks */,
				7301D7DA2DB6D9A6007EDDD9 /* Resources */,
			);
			buildRules = (
			);
			dependencies = (
				7301D7DE2DB6D9A6007EDDD9 /* PBXTargetDependency */,
			);
			fileSystemSynchronizedGroups = (
				7301D7DF2DB6D9A6007EDDD9 /* swipe-jumpUITests */,
			);
			name = "swipe-jumpUITests";
			packageProductDependencies = (
			);
			productName = "swipe-jumpUITests";
			productReference = 7301D7DC2DB6D9A6007EDDD9 /* swipe-jumpUITests.xctest */;
			productType = "com.apple.product-type.bundle.ui-testing";
		};
/* End PBXNativeTarget section */

/* Begin PBXProject section */
		7301D7B12DB6D9A3007EDDD9 /* Project object */ = {
			isa = PBXProject;
			attributes = {
				BuildIndependentTargetsInParallel = 1;
				LastSwiftUpdateCheck = 1620;
				LastUpgradeCheck = 1620;
				TargetAttributes = {
					7301D7B82DB6D9A3007EDDD9 = {
						CreatedOnToolsVersion = 16.2;
					};
					7301D7D12DB6D9A6007EDDD9 = {
						CreatedOnToolsVersion = 16.2;
						TestTargetID = 7301D7B82DB6D9A3007EDDD9;
					};
					7301D7DB2DB6D9A6007EDDD9 = {
						CreatedOnToolsVersion = 16.2;
						TestTargetID = 7301D7B82DB6D9A3007EDDD9;
					};
				};
			};
			buildConfigurationList = 7301D7B42DB6D9A3007EDDD9 /* Build configuration list for PBXProject "swipe-jump" */;
			developmentRegion = en;
			hasScannedForEncodings = 0;
			knownRegions = (
				en,
				Base,
			);
			mainGroup = 7301D7B02DB6D9A3007EDDD9;
			minimizedProjectReferenceProxies = 1;
			preferredProjectObjectVersion = 77;
			productRefGroup = 7301D7BA2DB6D9A3007EDDD9 /* Products */;
			projectDirPath = "";
			projectRoot = "";
			targets = (
				7301D7B82DB6D9A3007EDDD9 /* swipe-jump */,
				7301D7D12DB6D9A6007EDDD9 /* swipe-jumpTests */,
				7301D7DB2DB6D9A6007EDDD9 /* swipe-jumpUITests */,
			);
		};
/* End PBXProject section */

/* Begin PBXResourcesBuildPhase section */
		7301D7B72DB6D9A3007EDDD9 /* Resources */ = {
			isa = PBXResourcesBuildPhase;
			buildActionMask = 2147483647;
			files = (
			);
			runOnlyForDeploymentPostprocessing = 0;
		};
		7301D7D02DB6D9A6007EDDD9 /* Resources */ = {
			isa = PBXResourcesBuildPhase;
			buildActionMask = 2147483647;
			files = (
			);
			runOnlyForDeploymentPostprocessing = 0;
		};
		7301D7DA2DB6D9A6007EDDD9 /* Resources */ = {
			isa = PBXResourcesBuildPhase;
			buildActionMask = 2147483647;
			files = (
			);
			runOnlyForDeploymentPostprocessing = 0;
		};
/* End PBXResourcesBuildPhase section */

/* Begin PBXSourcesBuildPhase section */
		7301D7B52DB6D9A3007EDDD9 /* Sources */ = {
			isa = PBXSourcesBuildPhase;
			buildActionMask = 2147483647;
			files = (
			);
			runOnlyForDeploymentPostprocessing = 0;
		};
		7301D7CE2DB6D9A6007EDDD9 /* Sources */ = {
			isa = PBXSourcesBuildPhase;
			buildActionMask = 2147483647;
			files = (
			);
			runOnlyForDeploymentPostprocessing = 0;
		};
		7301D7D82DB6D9A6007EDDD9 /* Sources */ = {
			isa = PBXSourcesBuildPhase;
			buildActionMask = 2147483647;
			files = (
			);
			runOnlyForDeploymentPostprocessing = 0;
		};
/* End PBXSourcesBuildPhase section */

/* Begin PBXTargetDependency section */
		7301D7D42DB6D9A6007EDDD9 /* PBXTargetDependency */ = {
			isa = PBXTargetDependency;
			target = 7301D7B82DB6D9A3007EDDD9 /* swipe-jump */;
			targetProxy = 7301D7D32DB6D9A6007EDDD9 /* PBXContainerItemProxy */;
		};
		7301D7DE2DB6D9A6007EDDD9 /* PBXTargetDependency */ = {
			isa = PBXTargetDependency;
			target = 7301D7B82DB6D9A3007EDDD9 /* swipe-jump */;
			targetProxy = 7301D7DD2DB6D9A6007EDDD9 /* PBXContainerItemProxy */;
		};
/* End PBXTargetDependency section */

/* Begin XCBuildConfiguration section */
		7301D7E42DB6D9A6007EDDD9 /* Debug */ = {
			isa = XCBuildConfiguration;
			buildSettings = {
				ALWAYS_SEARCH_USER_PATHS = NO;
				ASSETCATALOG_COMPILER_GENERATE_SWIFT_ASSET_SYMBOL_EXTENSIONS = YES;
				CLANG_ANALYZER_NONNULL = YES;
				CLANG_ANALYZER_NUMBER_OBJECT_CONVERSION = YES_AGGRESSIVE;
				CLANG_CXX_LANGUAGE_STANDARD = "gnu++20";
				CLANG_ENABLE_MODULES = YES;
				CLANG_ENABLE_OBJC_ARC = YES;
				CLANG_ENABLE_OBJC_WEAK = YES;
				CLANG_WARN_BLOCK_CAPTURE_AUTORELEASING = YES;
				CLANG_WARN_BOOL_CONVERSION = YES;
				CLANG_WARN_COMMA = YES;
				CLANG_WARN_CONSTANT_CONVERSION = YES;
				CLANG_WARN_DEPRECATED_OBJC_IMPLEMENTATIONS = YES;
				CLANG_WARN_DIRECT_OBJC_ISA_USAGE = YES_ERROR;
				CLANG_WARN_DOCUMENTATION_COMMENTS = YES;
				CLANG_WARN_EMPTY_BODY = YES;
				CLANG_WARN_ENUM_CONVERSION = YES;
				CLANG_WARN_INFINITE_RECURSION = YES;
				CLANG_WARN_INT_CONVERSION = YES;
				CLANG_WARN_NON_LITERAL_NULL_CONVERSION = YES;
				CLANG_WARN_OBJC_IMPLICIT_RETAIN_SELF = YES;
				CLANG_WARN_OBJC_LITERAL_CONVERSION = YES;
				CLANG_WARN_OBJC_ROOT_CLASS = YES_ERROR;
				CLANG_WARN_QUOTED_INCLUDE_IN_FRAMEWORK_HEADER = YES;
				CLANG_WARN_RANGE_LOOP_ANALYSIS = YES;
				CLANG_WARN_STRICT_PROTOTYPES = YES;
				CLANG_WARN_SUSPICIOUS_MOVE = YES;
				CLANG_WARN_UNGUARDED_AVAILABILITY = YES_AGGRESSIVE;
				CLANG_WARN_UNREACHABLE_CODE = YES;
				CLANG_WARN__DUPLICATE_METHOD_MATCH = YES;
				COPY_PHASE_STRIP = NO;
				DEBUG_INFORMATION_FORMAT = dwarf;
				ENABLE_STRICT_OBJC_MSGSEND = YES;
				ENABLE_TESTABILITY = YES;
				ENABLE_USER_SCRIPT_SANDBOXING = YES;
				GCC_C_LANGUAGE_STANDARD = gnu17;
				GCC_DYNAMIC_NO_PIC = NO;
				GCC_NO_COMMON_BLOCKS = YES;
				GCC_OPTIMIZATION_LEVEL = 0;
				GCC_PREPROCESSOR_DEFINITIONS = (
					"DEBUG=1",
					"$(inherited)",
				);
				GCC_WARN_64_TO_32_BIT_CONVERSION = YES;
				GCC_WARN_ABOUT_RETURN_TYPE = YES_ERROR;
				GCC_WARN_UNDECLARED_SELECTOR = YES;
				GCC_WARN_UNINITIALIZED_AUTOS = YES_AGGRESSIVE;
				GCC_WARN_UNUSED_FUNCTION = YES;
				GCC_WARN_UNUSED_VARIABLE = YES;
				IPHONEOS_DEPLOYMENT_TARGET = 18.2;
				LOCALIZATION_PREFERS_STRING_CATALOGS = YES;
				MTL_ENABLE_DEBUG_INFO = INCLUDE_SOURCE;
				MTL_FAST_MATH = YES;
				ONLY_ACTIVE_ARCH = YES;
				SDKROOT = iphoneos;
				SWIFT_ACTIVE_COMPILATION_CONDITIONS = "DEBUG $(inherited)";
				SWIFT_OPTIMIZATION_LEVEL = "-Onone";
			};
			name = Debug;
		};
		7301D7E52DB6D9A6007EDDD9 /* Release */ = {
			isa = XCBuildConfiguration;
			buildSettings = {
				ALWAYS_SEARCH_USER_PATHS = NO;
				ASSETCATALOG_COMPILER_GENERATE_SWIFT_ASSET_SYMBOL_EXTENSIONS = YES;
				CLANG_ANALYZER_NONNULL = YES;
				CLANG_ANALYZER_NUMBER_OBJECT_CONVERSION = YES_AGGRESSIVE;
				CLANG_CXX_LANGUAGE_STANDARD = "gnu++20";
				CLANG_ENABLE_MODULES = YES;
				CLANG_ENABLE_OBJC_ARC = YES;
				CLANG_ENABLE_OBJC_WEAK = YES;
				CLANG_WARN_BLOCK_CAPTURE_AUTORELEASING = YES;
				CLANG_WARN_BOOL_CONVERSION = YES;
				CLANG_WARN_COMMA = YES;
				CLANG_WARN_CONSTANT_CONVERSION = YES;
				CLANG_WARN_DEPRECATED_OBJC_IMPLEMENTATIONS = YES;
				CLANG_WARN_DIRECT_OBJC_ISA_USAGE = YES_ERROR;
				CLANG_WARN_DOCUMENTATION_COMMENTS = YES;
				CLANG_WARN_EMPTY_BODY = YES;
				CLANG_WARN_ENUM_CONVERSION = YES;
				CLANG_WARN_INFINITE_RECURSION = YES;
				CLANG_WARN_INT_CONVERSION = YES;
				CLANG_WARN_NON_LITERAL_NULL_CONVERSION = YES;
				CLANG_WARN_OBJC_IMPLICIT_RETAIN_SELF = YES;
				CLANG_WARN_OBJC_LITERAL_CONVERSION = YES;
				CLANG_WARN_OBJC_ROOT_CLASS = YES_ERROR;
				CLANG_WARN_QUOTED_INCLUDE_IN_FRAMEWORK_HEADER = YES;
				CLANG_WARN_RANGE_LOOP_ANALYSIS = YES;
				CLANG_WARN_STRICT_PROTOTYPES = YES;
				CLANG_WARN_SUSPICIOUS_MOVE = YES;
				CLANG_WARN_UNGUARDED_AVAILABILITY = YES_AGGRESSIVE;
				CLANG_WARN_UNREACHABLE_CODE = YES;
				CLANG_WARN__DUPLICATE_METHOD_MATCH = YES;
				COPY_PHASE_STRIP = NO;
				DEBUG_INFORMATION_FORMAT = "dwarf-with-dsym";
				ENABLE_NS_ASSERTIONS = NO;
				ENABLE_STRICT_OBJC_MSGSEND = YES;
				ENABLE_USER_SCRIPT_SANDBOXING = YES;
				GCC_C_LANGUAGE_STANDARD = gnu17;
				GCC_NO_COMMON_BLOCKS = YES;
				GCC_WARN_64_TO_32_BIT_CONVERSION = YES;
				GCC_WARN_ABOUT_RETURN_TYPE = YES_ERROR;
				GCC_WARN_UNDECLARED_SELECTOR = YES;
				GCC_WARN_UNINITIALIZED_AUTOS = YES_AGGRESSIVE;
				GCC_WARN_UNUSED_FUNCTION = YES;
				GCC_WARN_UNUSED_VARIABLE = YES;
				IPHONEOS_DEPLOYMENT_TARGET = 18.2;
				LOCALIZATION_PREFERS_STRING_CATALOGS = YES;
				MTL_ENABLE_DEBUG_INFO = NO;
				MTL_FAST_MATH = YES;
				SDKROOT = iphoneos;
				SWIFT_COMPILATION_MODE = wholemodule;
				VALIDATE_PRODUCT = YES;
			};
			name = Release;
		};
		7301D7E72DB6D9A6007EDDD9 /* Debug */ = {
			isa = XCBuildConfiguration;
			buildSettings = {
				ASSETCATALOG_COMPILER_APPICON_NAME = AppIcon;
				ASSETCATALOG_COMPILER_GLOBAL_ACCENT_COLOR_NAME = AccentColor;
				CODE_SIGN_STYLE = Automatic;
				CURRENT_PROJECT_VERSION = 1;
				DEVELOPMENT_TEAM = 9LS2Y7UF64;
				GENERATE_INFOPLIST_FILE = YES;
				INFOPLIST_KEY_UIApplicationSupportsIndirectInputEvents = YES;
				INFOPLIST_KEY_UILaunchStoryboardName = LaunchScreen;
				INFOPLIST_KEY_UIMainStoryboardFile = Main;
				INFOPLIST_KEY_UIStatusBarHidden = YES;
				INFOPLIST_KEY_UISupportedInterfaceOrientations_iPad = "UIInterfaceOrientationPortrait UIInterfaceOrientationPortraitUpsideDown UIInterfaceOrientationLandscapeLeft UIInterfaceOrientationLandscapeRight";
				INFOPLIST_KEY_UISupportedInterfaceOrientations_iPhone = "UIInterfaceOrientationPortrait UIInterfaceOrientationLandscapeLeft UIInterfaceOrientationLandscapeRight";
				LD_RUNPATH_SEARCH_PATHS = (
					"$(inherited)",
					"@executable_path/Frameworks",
				);
				MARKETING_VERSION = 1.0;
				PRODUCT_BUNDLE_IDENTIFIER = "com.demirstudio.swipe-jump";
				PRODUCT_NAME = "$(TARGET_NAME)";
				SWIFT_EMIT_LOC_STRINGS = YES;
				SWIFT_VERSION = 5.0;
				TARGETED_DEVICE_FAMILY = "1,2";
			};
			name = Debug;
		};
		7301D7E82DB6D9A6007EDDD9 /* Release */ = {
			isa = XCBuildConfiguration;
			buildSettings = {
				ASSETCATALOG_COMPILER_APPICON_NAME = AppIcon;
				ASSETCATALOG_COMPILER_GLOBAL_ACCENT_COLOR_NAME = AccentColor;
				CODE_SIGN_STYLE = Automatic;
				CURRENT_PROJECT_VERSION = 1;
				DEVELOPMENT_TEAM = 9LS2Y7UF64;
				GENERATE_INFOPLIST_FILE = YES;
				INFOPLIST_KEY_UIApplicationSupportsIndirectInputEvents = YES;
				INFOPLIST_KEY_UILaunchStoryboardName = LaunchScreen;
				INFOPLIST_KEY_UIMainStoryboardFile = Main;
				INFOPLIST_KEY_UIStatusBarHidden = YES;
				INFOPLIST_KEY_UISupportedInterfaceOrientations_iPad = "UIInterfaceOrientationPortrait UIInterfaceOrientationPortraitUpsideDown UIInterfaceOrientationLandscapeLeft UIInterfaceOrientationLandscapeRight";
				INFOPLIST_KEY_UISupportedInterfaceOrientations_iPhone = "UIInterfaceOrientationPortrait UIInterfaceOrientationLandscapeLeft UIInterfaceOrientationLandscapeRight";
				LD_RUNPATH_SEARCH_PATHS = (
					"$(inherited)",
					"@executable_path/Frameworks",
				);
				MARKETING_VERSION = 1.0;
				PRODUCT_BUNDLE_IDENTIFIER = "com.demirstudio.swipe-jump";
				PRODUCT_NAME = "$(TARGET_NAME)";
				SWIFT_EMIT_LOC_STRINGS = YES;
				SWIFT_VERSION = 5.0;
				TARGETED_DEVICE_FAMILY = "1,2";
			};
			name = Release;
		};
		7301D7EA2DB6D9A6007EDDD9 /* Debug */ = {
			isa = XCBuildConfiguration;
			buildSettings = {
				BUNDLE_LOADER = "$(TEST_HOST)";
				CODE_SIGN_STYLE = Automatic;
				CURRENT_PROJECT_VERSION = 1;
				DEVELOPMENT_TEAM = 9LS2Y7UF64;
				GENERATE_INFOPLIST_FILE = YES;
				IPHONEOS_DEPLOYMENT_TARGET = 18.2;
				MARKETING_VERSION = 1.0;
				PRODUCT_BUNDLE_IDENTIFIER = "com.demirstudio.swipe-jumpTests";
				PRODUCT_NAME = "$(TARGET_NAME)";
				SWIFT_EMIT_LOC_STRINGS = NO;
				SWIFT_VERSION = 5.0;
				TARGETED_DEVICE_FAMILY = "1,2";
				TEST_HOST = "$(BUILT_PRODUCTS_DIR)/swipe-jump.app/$(BUNDLE_EXECUTABLE_FOLDER_PATH)/swipe-jump";
			};
			name = Debug;
		};
		7301D7EB2DB6D9A6007EDDD9 /* Release */ = {
			isa = XCBuildConfiguration;
			buildSettings = {
				BUNDLE_LOADER = "$(TEST_HOST)";
				CODE_SIGN_STYLE = Automatic;
				CURRENT_PROJECT_VERSION = 1;
				DEVELOPMENT_TEAM = 9LS2Y7UF64;
				GENERATE_INFOPLIST_FILE = YES;
				IPHONEOS_DEPLOYMENT_TARGET = 18.2;
				MARKETING_VERSION = 1.0;
				PRODUCT_BUNDLE_IDENTIFIER = "com.demirstudio.swipe-jumpTests";
				PRODUCT_NAME = "$(TARGET_NAME)";
				SWIFT_EMIT_LOC_STRINGS = NO;
				SWIFT_VERSION = 5.0;
				TARGETED_DEVICE_FAMILY = "1,2";
				TEST_HOST = "$(BUILT_PRODUCTS_DIR)/swipe-jump.app/$(BUNDLE_EXECUTABLE_FOLDER_PATH)/swipe-jump";
			};
			name = Release;
		};
		7301D7ED2DB6D9A6007EDDD9 /* Debug */ = {
			isa = XCBuildConfiguration;
			buildSettings = {
				CODE_SIGN_STYLE = Automatic;
				CURRENT_PROJECT_VERSION = 1;
				DEVELOPMENT_TEAM = 9LS2Y7UF64;
				GENERATE_INFOPLIST_FILE = YES;
				MARKETING_VERSION = 1.0;
				PRODUCT_BUNDLE_IDENTIFIER = "com.demirstudio.swipe-jumpUITests";
				PRODUCT_NAME = "$(TARGET_NAME)";
				SWIFT_EMIT_LOC_STRINGS = NO;
				SWIFT_VERSION = 5.0;
				TARGETED_DEVICE_FAMILY = "1,2";
				TEST_TARGET_NAME = "swipe-jump";
			};
			name = Debug;
		};
		7301D7EE2DB6D9A6007EDDD9 /* Release */ = {
			isa = XCBuildConfiguration;
			buildSettings = {
				CODE_SIGN_STYLE = Automatic;
				CURRENT_PROJECT_VERSION = 1;
				DEVELOPMENT_TEAM = 9LS2Y7UF64;
				GENERATE_INFOPLIST_FILE = YES;
				MARKETING_VERSION = 1.0;
				PRODUCT_BUNDLE_IDENTIFIER = "com.demirstudio.swipe-jumpUITests";
				PRODUCT_NAME = "$(TARGET_NAME)";
				SWIFT_EMIT_LOC_STRINGS = NO;
				SWIFT_VERSION = 5.0;
				TARGETED_DEVICE_FAMILY = "1,2";
				TEST_TARGET_NAME = "swipe-jump";
			};
			name = Release;
		};
/* End XCBuildConfiguration section */

/* Begin XCConfigurationList section */
		7301D7B42DB6D9A3007EDDD9 /* Build configuration list for PBXProject "swipe-jump" */ = {
			isa = XCConfigurationList;
			buildConfigurations = (
				7301D7E42DB6D9A6007EDDD9 /* Debug */,
				7301D7E52DB6D9A6007EDDD9 /* Release */,
			);
			defaultConfigurationIsVisible = 0;
			defaultConfigurationName = Release;
		};
		7301D7E62DB6D9A6007EDDD9 /* Build configuration list for PBXNativeTarget "swipe-jump" */ = {
			isa = XCConfigurationList;
			buildConfigurations = (
				7301D7E72DB6D9A6007EDDD9 /* Debug */,
				7301D7E82DB6D9A6007EDDD9 /* Release */,
			);
			defaultConfigurationIsVisible = 0;
			defaultConfigurationName = Release;
		};
		7301D7E92DB6D9A6007EDDD9 /* Build configuration list for PBXNativeTarget "swipe-jumpTests" */ = {
			isa = XCConfigurationList;
			buildConfigurations = (
				7301D7EA2DB6D9A6007EDDD9 /* Debug */,
				7301D7EB2DB6D9A6007EDDD9 /* Release */,
			);
			defaultConfigurationIsVisible = 0;
			defaultConfigurationName = Release;
		};
		7301D7EC2DB6D9A6007EDDD9 /* Build configuration list for PBXNativeTarget "swipe-jumpUITests" */ = {
			isa = XCConfigurationList;
			buildConfigurations = (
				7301D7ED2DB6D9A6007EDDD9 /* Debug */,
				7301D7EE2DB6D9A6007EDDD9 /* Release */,
			);
			defaultConfigurationIsVisible = 0;
			defaultConfigurationName = Release;
		};
/* End XCConfigurationList section */
	};
	rootObject = 7301D7B12DB6D9A3007EDDD9 /* Project object */;
}
